
Microsoft Visual Studio Solution File, Format Version 12.00
# Visual Studio Version 16
VisualStudioVersion = 16.0.31702.278
MinimumVisualStudioVersion = 10.0.40219.1
Project("{FAE04EC0-301F-11D3-BF4B-00C04F79EFBC}") = "ChatRoom.Web", "ChatRoom.Web\ChatRoom.Web.csproj", "{39487F7E-A982-4A7F-8799-D1C36B2A759C}"
EndProject
Project("{FAE04EC0-301F-11D3-BF4B-00C04F79EFBC}") = "ChatRoom.Domain", "ChatRoom.Domain\ChatRoom.Domain.csproj", "{D73D45AE-92AB-4C0F-BFDF-923F41686712}"
EndProject
Project("{FAE04EC0-301F-11D3-BF4B-00C04F79EFBC}") = "ChatRoom.Data", "ChatRoom.Data\ChatRoom.Data.csproj", "{0DE2D544-9729-40AB-A39E-284BAA444C28}"
EndProject
Project("{FAE04EC0-301F-11D3-BF4B-00C04F79EFBC}") = "ChatRoom.Test", "ChatRoom.Test\ChatRoom.Test.csproj", "{BAFE80D7-1F2D-49F0-95CE-36971288AD02}"
EndProject
Global
	GlobalSection(SolutionConfigurationPlatforms) = preSolution
		Debug|Any CPU = Debug|Any CPU
		Release|Any CPU = Release|Any CPU
	EndGlobalSection
	GlobalSection(ProjectConfigurationPlatforms) = postSolution
		{39487F7E-A982-4A7F-8799-D1C36B2A759C}.Debug|Any CPU.ActiveCfg = Debug|Any CPU
		{39487F7E-A982-4A7F-8799-D1C36B2A759C}.Debug|Any CPU.Build.0 = Debug|Any CPU
		{39487F7E-A982-4A7F-8799-D1C36B2A759C}.Release|Any CPU.ActiveCfg = Release|Any CPU
		{39487F7E-A982-4A7F-8799-D1C36B2A759C}.Release|Any CPU.Build.0 = Release|Any CPU
		{D73D45AE-92AB-4C0F-BFDF-923F41686712}.Debug|Any CPU.ActiveCfg = Debug|Any CPU
		{D73D45AE-92AB-4C0F-BFDF-923F41686712}.Debug|Any CPU.Build.0 = Debug|Any CPU
		{D73D45AE-92AB-4C0F-BFDF-923F41686712}.Release|Any CPU.ActiveCfg = Release|Any CPU
		{D73D45AE-92AB-4C0F-BFDF-923F41686712}.Release|Any CPU.Build.0 = Release|Any CPU
		{0DE2D544-9729-40AB-A39E-284BAA444C28}.Debug|Any CPU.ActiveCfg = Debug|Any CPU
		{0DE2D544-9729-40AB-A39E-284BAA444C28}.Debug|Any CPU.Build.0 = Debug|Any CPU
		{0DE2D544-9729-40AB-A39E-284BAA444C28}.Release|Any CPU.ActiveCfg = Release|Any CPU
		{0DE2D544-9729-40AB-A39E-284BAA444C28}.Release|Any CPU.Build.0 = Release|Any CPU
		{BAFE80D7-1F2D-49F0-95CE-36971288AD02}.Debug|Any CPU.ActiveCfg = Debug|Any CPU
		{BAFE80D7-1F2D-49F0-95CE-36971288AD02}.Debug|Any CPU.Build.0 = Debug|Any CPU
		{BAFE80D7-1F2D-49F0-95CE-36971288AD02}.Release|Any CPU.ActiveCfg = Release|Any CPU
		{BAFE80D7-1F2D-49F0-95CE-36971288AD02}.Release|Any CPU.Build.0 = Release|Any CPU
	EndGlobalSection
	GlobalSection(SolutionProperties) = preSolution
		HideSolutionNode = FALSE
	EndGlobalSection
	GlobalSection(ExtensibilityGlobals) = postSolution
		SolutionGuid = {D34BC03D-190B-431B-BD37-FCC592FF478C}
	EndGlobalSection
EndGlobal
